
Microsoft Visual Studio Solution File, Format Version 12.00
# Visual Studio Version 17
VisualStudioVersion = 17.14.36203.30
MinimumVisualStudioVersion = 10.0.40219.1
Project("{FAE04EC0-301F-11D3-BF4B-00C04F79EFBC}") = "Proekt", "Proekt\Proekt.csproj", "{A3FEFD5E-7AAF-409E-B731-0B62A15184CE}"
EndProject
Global
	GlobalSection(SolutionConfigurationPlatforms) = preSolution
		Debug|Any CPU = Debug|Any CPU
		Release|Any CPU = Release|Any CPU
	EndGlobalSection
	GlobalSection(ProjectConfigurationPlatforms) = postSolution
		{A3FEFD5E-7AAF-409E-B731-0B62A15184CE}.Debug|Any CPU.ActiveCfg = Debug|Any CPU
		{A3FEFD5E-7AAF-409E-B731-0B62A15184CE}.Debug|Any CPU.Build.0 = Debug|Any CPU
		{A3FEFD5E-7AAF-409E-B731-0B62A15184CE}.Release|Any CPU.ActiveCfg = Release|Any CPU
		{A3FEFD5E-7AAF-409E-B731-0B62A15184CE}.Release|Any CPU.Build.0 = Release|Any CPU
	EndGlobalSection
	GlobalSection(SolutionProperties) = preSolution
		HideSolutionNode = FALSE
	EndGlobalSection
	GlobalSection(ExtensibilityGlobals) = postSolution
		SolutionGuid = {7A3601BF-27F6-4391-8962-C2263E8010AC}
	EndGlobalSection
EndGlobal
